
Microsoft Visual Studio Solution File, Format Version 12.00
# Visual Studio 15
VisualStudioVersion = 15.0.26730.12
MinimumVisualStudioVersion = 10.0.40219.1
Project("{2150E333-8FDC-42A3-9474-1A3956D46DE8}") = "Feature", "Feature", "{17DD5718-6E13-4F2C-9738-B410396D4552}"
EndProject
Project("{2150E333-8FDC-42A3-9474-1A3956D46DE8}") = "Foundation", "Foundation", "{4FDA1DCD-D33E-447E-91C1-F4AE818E2CF0}"
EndProject
Project("{2150E333-8FDC-42A3-9474-1A3956D46DE8}") = "Project", "Project", "{15D97D61-D597-42EC-B7E9-E9EC8130E630}"
EndProject
Project("{2150E333-8FDC-42A3-9474-1A3956D46DE8}") = "Configuration", "Configuration", "{ADCA10F7-A1D2-407B-8074-60418168C02E}"
	ProjectSection(SolutionItems) = preProject
		.editorconfig = .editorconfig
		.gitattributes = .gitattributes
		.gitignore = .gitignore
		nuget.config = nuget.config
		README.md = README.md
		TDSGlobal.config = TDSGlobal.config
	EndProjectSection
EndProject
Project("{2150E333-8FDC-42A3-9474-1A3956D46DE8}") = "Documentation", "Documentation", "{DAFED8F5-6CBD-4384-AAD6-DC3BCCF24911}"
	ProjectSection(SolutionItems) = preProject
		documentation\README.md = documentation\README.md
	EndProjectSection
EndProject
Project("{2150E333-8FDC-42A3-9474-1A3956D46DE8}") = "images", "images", "{D27C83D2-2EAF-4E44-A1ED-2B3C2EBB5854}"
	ProjectSection(SolutionItems) = preProject
		documentation\images\deal-with-it.gif = documentation\images\deal-with-it.gif
		documentation\images\hackathon.png = documentation\images\hackathon.png
	EndProjectSection
EndProject
Project("{2150E333-8FDC-42A3-9474-1A3956D46DE8}") = "Console", "Console", "{6D7C7500-9309-4380-A40D-6BFBFFE54AA1}"
EndProject
Project("{FAE04EC0-301F-11D3-BF4B-00C04F79EFBC}") = "TresDivas.Console", "src\Project\Console\code\TresDivas.Console\TresDivas.Console.csproj", "{710FE4A3-FFD0-4F35-8592-A4D9390831E5}"
EndProject
Project("{2150E333-8FDC-42A3-9474-1A3956D46DE8}") = "Website", "Website", "{C1C13197-67A8-4082-A35D-934C35830920}"
EndProject
Project("{FAE04EC0-301F-11D3-BF4B-00C04F79EFBC}") = "TresDivas.Website", "src\Project\Website\code\TresDivas.Website\TresDivas.Website.csproj", "{112C57E8-D74F-4608-B2F0-AED035638FD3}"
EndProject
Project("{CAA73BB0-EF22-4D79-A57E-DF67B3BA9C80}") = "TresDivas.Website.Master", "src\Project\Website\tds\TresDivas.Website.Master\TresDivas.Website.Master.scproj", "{79CB38A5-4944-4069-A2EC-DF3D3B9F3CBA}"
EndProject
Project("{2150E333-8FDC-42A3-9474-1A3956D46DE8}") = "Feature.Marketing", "Feature.Marketing", "{09148B3B-8605-4300-95B9-B6B1BD6C5C40}"
EndProject
Project("{9A19103F-16F7-4668-BE54-9A1E7A4F7556}") = "Feature.Marketing", "src\Feature\Feature.Marketing\Feature.Marketing.csproj", "{90402741-2570-4409-BCC2-9CD291E603D1}"
EndProject
Project("{FAE04EC0-301F-11D3-BF4B-00C04F79EFBC}") = "Feature.Marketing.ModelGeneration", "src\Feature\Feature.Marketing.ModelGeneration\Feature.Marketing.ModelGeneration\Feature.Marketing.ModelGeneration.csproj", "{4A78B139-ABED-4B7E-9531-409E286C5474}"
	ProjectSection(ProjectDependencies) = postProject
		{90402741-2570-4409-BCC2-9CD291E603D1} = {90402741-2570-4409-BCC2-9CD291E603D1}
	EndProjectSection
Project("{2150E333-8FDC-42A3-9474-1A3956D46DE8}") = "TresDivas", "TresDivas", "{1DCF7A54-5FF4-4EAD-853D-96BB81029A25}"
EndProject
Project("{FAE04EC0-301F-11D3-BF4B-00C04F79EFBC}") = "TresDivas.SocialInteractions.Processing", "src\Feature\TresDivas\code\TresDivas.SocialInteractions.Processing\TresDivas.SocialInteractions.Processing.csproj", "{8F3D7141-25B9-4E15-8574-0CC337C54A09}"
EndProject
Global
	GlobalSection(SolutionConfigurationPlatforms) = preSolution
		Debug|Any CPU = Debug|Any CPU
		Release|Any CPU = Release|Any CPU
	EndGlobalSection
	GlobalSection(ProjectConfigurationPlatforms) = postSolution
		{710FE4A3-FFD0-4F35-8592-A4D9390831E5}.Debug|Any CPU.ActiveCfg = Debug|Any CPU
		{710FE4A3-FFD0-4F35-8592-A4D9390831E5}.Debug|Any CPU.Build.0 = Debug|Any CPU
		{710FE4A3-FFD0-4F35-8592-A4D9390831E5}.Release|Any CPU.ActiveCfg = Release|Any CPU
		{710FE4A3-FFD0-4F35-8592-A4D9390831E5}.Release|Any CPU.Build.0 = Release|Any CPU
		{112C57E8-D74F-4608-B2F0-AED035638FD3}.Debug|Any CPU.ActiveCfg = Debug|Any CPU
		{112C57E8-D74F-4608-B2F0-AED035638FD3}.Debug|Any CPU.Build.0 = Debug|Any CPU
		{112C57E8-D74F-4608-B2F0-AED035638FD3}.Release|Any CPU.ActiveCfg = Release|Any CPU
		{112C57E8-D74F-4608-B2F0-AED035638FD3}.Release|Any CPU.Build.0 = Release|Any CPU
		{79CB38A5-4944-4069-A2EC-DF3D3B9F3CBA}.Debug|Any CPU.ActiveCfg = Debug|Any CPU
		{79CB38A5-4944-4069-A2EC-DF3D3B9F3CBA}.Debug|Any CPU.Build.0 = Debug|Any CPU
		{79CB38A5-4944-4069-A2EC-DF3D3B9F3CBA}.Debug|Any CPU.Deploy.0 = Debug|Any CPU
		{79CB38A5-4944-4069-A2EC-DF3D3B9F3CBA}.Release|Any CPU.ActiveCfg = Release|Any CPU
		{79CB38A5-4944-4069-A2EC-DF3D3B9F3CBA}.Release|Any CPU.Build.0 = Release|Any CPU
		{79CB38A5-4944-4069-A2EC-DF3D3B9F3CBA}.Release|Any CPU.Deploy.0 = Release|Any CPU
		{90402741-2570-4409-BCC2-9CD291E603D1}.Debug|Any CPU.ActiveCfg = Debug|Any CPU
		{90402741-2570-4409-BCC2-9CD291E603D1}.Debug|Any CPU.Build.0 = Debug|Any CPU
		{90402741-2570-4409-BCC2-9CD291E603D1}.Release|Any CPU.ActiveCfg = Release|Any CPU
		{90402741-2570-4409-BCC2-9CD291E603D1}.Release|Any CPU.Build.0 = Release|Any CPU
		{4A78B139-ABED-4B7E-9531-409E286C5474}.Debug|Any CPU.ActiveCfg = Debug|Any CPU
		{4A78B139-ABED-4B7E-9531-409E286C5474}.Debug|Any CPU.Build.0 = Debug|Any CPU
		{4A78B139-ABED-4B7E-9531-409E286C5474}.Release|Any CPU.ActiveCfg = Release|Any CPU
		{4A78B139-ABED-4B7E-9531-409E286C5474}.Release|Any CPU.Build.0 = Release|Any CPU
		{8F3D7141-25B9-4E15-8574-0CC337C54A09}.Debug|Any CPU.ActiveCfg = Debug|Any CPU
		{8F3D7141-25B9-4E15-8574-0CC337C54A09}.Debug|Any CPU.Build.0 = Debug|Any CPU
		{8F3D7141-25B9-4E15-8574-0CC337C54A09}.Release|Any CPU.ActiveCfg = Release|Any CPU
		{8F3D7141-25B9-4E15-8574-0CC337C54A09}.Release|Any CPU.Build.0 = Release|Any CPU
	EndGlobalSection
	GlobalSection(SolutionProperties) = preSolution
		HideSolutionNode = FALSE
	EndGlobalSection
	GlobalSection(NestedProjects) = preSolution
		{D27C83D2-2EAF-4E44-A1ED-2B3C2EBB5854} = {DAFED8F5-6CBD-4384-AAD6-DC3BCCF24911}
		{6D7C7500-9309-4380-A40D-6BFBFFE54AA1} = {15D97D61-D597-42EC-B7E9-E9EC8130E630}
		{710FE4A3-FFD0-4F35-8592-A4D9390831E5} = {6D7C7500-9309-4380-A40D-6BFBFFE54AA1}
		{C1C13197-67A8-4082-A35D-934C35830920} = {15D97D61-D597-42EC-B7E9-E9EC8130E630}
		{112C57E8-D74F-4608-B2F0-AED035638FD3} = {C1C13197-67A8-4082-A35D-934C35830920}
		{79CB38A5-4944-4069-A2EC-DF3D3B9F3CBA} = {C1C13197-67A8-4082-A35D-934C35830920}
		{09148B3B-8605-4300-95B9-B6B1BD6C5C40} = {17DD5718-6E13-4F2C-9738-B410396D4552}
		{90402741-2570-4409-BCC2-9CD291E603D1} = {09148B3B-8605-4300-95B9-B6B1BD6C5C40}
		{4A78B139-ABED-4B7E-9531-409E286C5474} = {09148B3B-8605-4300-95B9-B6B1BD6C5C40}
		{1DCF7A54-5FF4-4EAD-853D-96BB81029A25} = {17DD5718-6E13-4F2C-9738-B410396D4552}
		{8F3D7141-25B9-4E15-8574-0CC337C54A09} = {1DCF7A54-5FF4-4EAD-853D-96BB81029A25}
	EndGlobalSection
	GlobalSection(ExtensibilityGlobals) = postSolution
		EnterpriseLibraryConfigurationToolBinariesPathV6 = packages\EnterpriseLibrary.Common.6.0.1304.0\lib\NET45;packages\EnterpriseLibrary.TransientFaultHandling.6.0.1304.0\lib\portable-net45+win+wp8;packages\EnterpriseLibrary.TransientFaultHandling.Caching.6.0.1304.0\lib\NET45;packages\EnterpriseLibrary.TransientFaultHandling.Data.6.0.1304.1\lib\NET45;packages\EnterpriseLibrary.TransientFaultHandling.ServiceBus.6.0.1304.0\lib\NET45;packages\EnterpriseLibrary.TransientFaultHandling.WindowsAzure.Storage.6.0.1304.0\lib\NET45;packages\EnterpriseLibrary.TransientFaultHandling.Configuration.6.0.1304.0\lib\NET45
		SolutionGuid = {311DA37D-528B-43B2-A99B-E7253F841D46}
	EndGlobalSection
EndGlobal
